# This file is automatically @generated by Cargo.
# It is not intended for manual editing.
[[package]]
name = "anyhow"
version = "1.0.31"
source = "registry+https://github.com/rust-lang/crates.io-index"

[[package]]
name = "gobble"
version = "0.5.1"
dependencies = [
 "anyhow 1.0.31 (registry+https://github.com/rust-lang/crates.io-index)",
 "thiserror 1.0.20 (registry+https://github.com/rust-lang/crates.io-index)",
]

[[package]]
name = "proc-macro2"
version = "1.0.18"
source = "registry+https://github.com/rust-lang/crates.io-index"
dependencies = [
 "unicode-xid 0.2.1 (registry+https://github.com/rust-lang/crates.io-index)",
]

[[package]]
name = "quote"
version = "1.0.7"
source = "registry+https://github.com/rust-lang/crates.io-index"
dependencies = [
 "proc-macro2 1.0.18 (registry+https://github.com/rust-lang/crates.io-index)",
]

[[package]]
name = "syn"
version = "1.0.33"
source = "registry+https://github.com/rust-lang/crates.io-index"
dependencies = [
 "proc-macro2 1.0.18 (registry+https://github.com/rust-lang/crates.io-index)",
 "quote 1.0.7 (registry+https://github.com/rust-lang/crates.io-index)",
 "unicode-xid 0.2.1 (registry+https://github.com/rust-lang/crates.io-index)",
]

[[package]]
name = "thiserror"
version = "1.0.20"
source = "registry+https://github.com/rust-lang/crates.io-index"
dependencies = [
 "thiserror-impl 1.0.20 (registry+https://github.com/rust-lang/crates.io-index)",
]

[[package]]
name = "thiserror-impl"
version = "1.0.20"
source = "registry+https://github.com/rust-lang/crates.io-index"
dependencies = [
 "proc-macro2 1.0.18 (registry+https://github.com/rust-lang/crates.io-index)",
 "quote 1.0.7 (registry+https://github.com/rust-lang/crates.io-index)",
 "syn 1.0.33 (registry+https://github.com/rust-lang/crates.io-index)",
]

[[package]]
name = "unicode-xid"
version = "0.2.1"
source = "registry+https://github.com/rust-lang/crates.io-index"

[metadata]
"checksum anyhow 1.0.31 (registry+https://github.com/rust-lang/crates.io-index)" = "85bb70cc08ec97ca5450e6eba421deeea5f172c0fc61f78b5357b2a8e8be195f"
"checksum proc-macro2 1.0.18 (registry+https://github.com/rust-lang/crates.io-index)" = "beae6331a816b1f65d04c45b078fd8e6c93e8071771f41b8163255bbd8d7c8fa"
"checksum quote 1.0.7 (registry+https://github.com/rust-lang/crates.io-index)" = "aa563d17ecb180e500da1cfd2b028310ac758de548efdd203e18f283af693f37"
"checksum syn 1.0.33 (registry+https://github.com/rust-lang/crates.io-index)" = "e8d5d96e8cbb005d6959f119f773bfaebb5684296108fb32600c00cde305b2cd"
"checksum thiserror 1.0.20 (registry+https://github.com/rust-lang/crates.io-index)" = "7dfdd070ccd8ccb78f4ad66bf1982dc37f620ef696c6b5028fe2ed83dd3d0d08"
"checksum thiserror-impl 1.0.20 (registry+https://github.com/rust-lang/crates.io-index)" = "bd80fc12f73063ac132ac92aceea36734f04a1d93c1240c6944e23a3b8841793"
"checksum unicode-xid 0.2.1 (registry+https://github.com/rust-lang/crates.io-index)" = "f7fe0bb3479651439c9112f72b6c505038574c9fbb575ed1bf3b797fa39dd564"
